dependencies:
- name: postgresql
  repository: https://charts.bitnami.com/bitnami
  version: 12.1.5
- name: retool-temporal-services
  repository: file://charts/retool-temporal-services
  version: 1.1.2
digest: sha256:cecbb7462ef8b0ff15688682529370d24b9de882685ae4d4590920dec7378f65
generated: "2023-09-07T15:42:09.292301-04:00"
